
Microsoft Visual Studio Solution File, Format Version 12.00
# Visual Studio 15
VisualStudioVersion = 15.0.27428.2037
MinimumVisualStudioVersion = 10.0.40219.1
Project("{9A19103F-16F7-4668-BE54-9A1E7A4F7556}") = "AnySpecification", "AnySpecification\AnySpecification.csproj", "{828F087B-5374-4790-A860-C08722EF41B1}"
EndProject
Project("{9A19103F-16F7-4668-BE54-9A1E7A4F7556}") = "CommonTypes", "CommonTypes\CommonTypes.csproj", "{4E2950F4-5A36-44F6-A402-26BB7ED15B88}"
EndProject
Project("{9A19103F-16F7-4668-BE54-9A1E7A4F7556}") = "TypeReflection", "TypeReflection\TypeReflection.csproj", "{01D91A21-675D-4F81-9806-6F7969B75295}"
EndProject
Project("{9A19103F-16F7-4668-BE54-9A1E7A4F7556}") = "TypeReflection.ImplementationDetails", "TypeReflection.ImplementationDetails\TypeReflection.ImplementationDetails.csproj", "{EBAE8411-BCBD-48AF-BFBF-4F6336174698}"
EndProject
Project("{9A19103F-16F7-4668-BE54-9A1E7A4F7556}") = "TypeReflection.Interfaces", "TypeReflection.Interfaces\TypeReflection.Interfaces.csproj", "{775B2D33-90EF-4EFC-A17A-670F28EFB804}"
EndProject
Project("{FAE04EC0-301F-11D3-BF4B-00C04F79EFBC}") = "TypeReflectionSpecification", "TypeReflectionSpecification\TypeReflectionSpecification.csproj", "{89E88234-23DC-4C91-8182-ADB3826D9CF2}"
EndProject
Project("{9A19103F-16F7-4668-BE54-9A1E7A4F7556}") = "TypeResolution", "TypeResolution\TypeResolution.csproj", "{AA5669E8-E769-481A-9D35-EC94067D79A8}"
EndProject
Project("{FAE04EC0-301F-11D3-BF4B-00C04F79EFBC}") = "TddToolkitSpecification", "TddToolkitSpecification\TddToolkitSpecification.csproj", "{964BF05F-E199-41FF-90B2-BD5D5BD1454F}"
EndProject
Project("{9A19103F-16F7-4668-BE54-9A1E7A4F7556}") = "TestApp", "TestApp\TestApp.csproj", "{EE303CDE-A7C3-4262-9638-B5B05D1B7135}"
EndProject
Project("{9A19103F-16F7-4668-BE54-9A1E7A4F7556}") = "AnyExtensibility", "AnyExtensibility\AnyExtensibility.csproj", "{CE0F9938-421D-45FE-91F5-43CEBCA67853}"
EndProject
Project("{9A19103F-16F7-4668-BE54-9A1E7A4F7556}") = "AnyGenerators.Collections", "AnyGenerators.Collections\AnyGenerators.Collections.csproj", "{31F2A61A-25A5-4312-A234-AA6C88FB6865}"
EndProject
Project("{9A19103F-16F7-4668-BE54-9A1E7A4F7556}") = "AnyGenerators.Numbers", "AnyGenerators.Numbers\AnyGenerators.Numbers.csproj", "{7DC5B5D6-2822-4B2D-95A2-5A09BA1B9CE0}"
EndProject
Project("{9A19103F-16F7-4668-BE54-9A1E7A4F7556}") = "AnyGenerators.Strings", "AnyGenerators.Strings\AnyGenerators.Strings.csproj", "{A8CEE86C-32BC-4E98-B19B-4659B4E9DE74}"
EndProject
Project("{9A19103F-16F7-4668-BE54-9A1E7A4F7556}") = "AnyGenerators.Generic", "AnyGenerators.Generic\AnyGenerators.Generic.csproj", "{A03D6E9A-79E9-4D94-B57C-5967F9929106}"
EndProject
Project("{9A19103F-16F7-4668-BE54-9A1E7A4F7556}") = "AnyGenerators.Math", "AnyGenerators.Math\AnyGenerators.Math.csproj", "{30EE734D-AD8D-4A30-86C8-526396189168}"
EndProject
Project("{9A19103F-16F7-4668-BE54-9A1E7A4F7556}") = "AnyGenerators.Invokable", "AnyGenerators.Invokable\AnyGenerators.Invokable.csproj", "{22641A80-AABC-4434-9DFA-22FFAEADE92D}"
EndProject
Project("{9A19103F-16F7-4668-BE54-9A1E7A4F7556}") = "AnyGenerators.Network", "AnyGenerators.Network\AnyGenerators.Network.csproj", "{DC13C984-A4E5-47D0-8B5B-80EF681771FE}"
EndProject
Project("{9A19103F-16F7-4668-BE54-9A1E7A4F7556}") = "AnyGenerators.NSubstitute", "AnyGenerators.NSubstitute\AnyGenerators.NSubstitute.csproj", "{952EBE90-504C-4C1A-B569-5A6C2F1DDBB4}"
EndProject
Project("{9A19103F-16F7-4668-BE54-9A1E7A4F7556}") = "AnyRoot", "AnyRoot\AnyRoot.csproj", "{6C6332AB-E70C-432E-AC8F-229211F79A84}"
EndProject
Project("{9A19103F-16F7-4668-BE54-9A1E7A4F7556}") = "AnyGenerators.Root", "AnyGenerators.Root\AnyGenerators.Root.csproj", "{6EA3F045-5D9D-44D9-B114-E16C66D383BF}"
EndProject
Project("{2150E333-8FDC-42A3-9474-1A3956D46DE8}") = "Solution Items", "Solution Items", "{E0A26538-B283-4951-B341-A12A7BD4621F}"
	ProjectSection(SolutionItems) = preProject
		..\..\Any.nuspec = ..\..\Any.nuspec
		..\..\appveyor.yml = ..\..\appveyor.yml
		..\..\build.cake = ..\..\build.cake
		..\..\build.ps1 = ..\..\build.ps1
		..\..\build.sh = ..\..\build.sh
		..\..\LICENSE = ..\..\LICENSE
		..\..\README.md = ..\..\README.md
		AnyRoot\TddToolkit.snk = AnyRoot\TddToolkit.snk
	EndProjectSection
EndProject
Project("{FAE04EC0-301F-11D3-BF4B-00C04F79EFBC}") = "TestAppNetFramework", "TestAppNetFramework\TestAppNetFramework.csproj", "{097E1DD3-4F8F-46D9-B13C-52045FF098A9}"
EndProject
Project("{9A19103F-16F7-4668-BE54-9A1E7A4F7556}") = "AutoFixtureWrapper", "AutoFixtureWrapper\AutoFixtureWrapper.csproj", "{EF7E8E5B-833B-48C8-842B-3937864D2BDA}"
EndProject
Project("{FAE04EC0-301F-11D3-BF4B-00C04F79EFBC}") = "TestAppNet45", "TestAppNet45\TestAppNet45.csproj", "{540F37D5-30C7-4F57-BCF5-08144E334FF3}"
EndProject
Global
	GlobalSection(SolutionConfigurationPlatforms) = preSolution
		Debug|Any CPU = Debug|Any CPU
		Release|Any CPU = Release|Any CPU
	EndGlobalSection
	GlobalSection(ProjectConfigurationPlatforms) = postSolution
		{828F087B-5374-4790-A860-C08722EF41B1}.Debug|Any CPU.ActiveCfg = Debug|Any CPU
		{828F087B-5374-4790-A860-C08722EF41B1}.Debug|Any CPU.Build.0 = Debug|Any CPU
		{828F087B-5374-4790-A860-C08722EF41B1}.Release|Any CPU.ActiveCfg = Release|Any CPU
		{828F087B-5374-4790-A860-C08722EF41B1}.Release|Any CPU.Build.0 = Release|Any CPU
		{4E2950F4-5A36-44F6-A402-26BB7ED15B88}.Debug|Any CPU.ActiveCfg = Debug|Any CPU
		{4E2950F4-5A36-44F6-A402-26BB7ED15B88}.Debug|Any CPU.Build.0 = Debug|Any CPU
		{4E2950F4-5A36-44F6-A402-26BB7ED15B88}.Release|Any CPU.ActiveCfg = Release|Any CPU
		{4E2950F4-5A36-44F6-A402-26BB7ED15B88}.Release|Any CPU.Build.0 = Release|Any CPU
		{01D91A21-675D-4F81-9806-6F7969B75295}.Debug|Any CPU.ActiveCfg = Debug|Any CPU
		{01D91A21-675D-4F81-9806-6F7969B75295}.Debug|Any CPU.Build.0 = Debug|Any CPU
		{01D91A21-675D-4F81-9806-6F7969B75295}.Release|Any CPU.ActiveCfg = Release|Any CPU
		{01D91A21-675D-4F81-9806-6F7969B75295}.Release|Any CPU.Build.0 = Release|Any CPU
		{EBAE8411-BCBD-48AF-BFBF-4F6336174698}.Debug|Any CPU.ActiveCfg = Debug|Any CPU
		{EBAE8411-BCBD-48AF-BFBF-4F6336174698}.Debug|Any CPU.Build.0 = Debug|Any CPU
		{EBAE8411-BCBD-48AF-BFBF-4F6336174698}.Release|Any CPU.ActiveCfg = Release|Any CPU
		{EBAE8411-BCBD-48AF-BFBF-4F6336174698}.Release|Any CPU.Build.0 = Release|Any CPU
		{775B2D33-90EF-4EFC-A17A-670F28EFB804}.Debug|Any CPU.ActiveCfg = Debug|Any CPU
		{775B2D33-90EF-4EFC-A17A-670F28EFB804}.Debug|Any CPU.Build.0 = Debug|Any CPU
		{775B2D33-90EF-4EFC-A17A-670F28EFB804}.Release|Any CPU.ActiveCfg = Release|Any CPU
		{775B2D33-90EF-4EFC-A17A-670F28EFB804}.Release|Any CPU.Build.0 = Release|Any CPU
		{89E88234-23DC-4C91-8182-ADB3826D9CF2}.Debug|Any CPU.ActiveCfg = Debug|Any CPU
		{89E88234-23DC-4C91-8182-ADB3826D9CF2}.Debug|Any CPU.Build.0 = Debug|Any CPU
		{89E88234-23DC-4C91-8182-ADB3826D9CF2}.Release|Any CPU.ActiveCfg = Release|Any CPU
		{89E88234-23DC-4C91-8182-ADB3826D9CF2}.Release|Any CPU.Build.0 = Release|Any CPU
		{AA5669E8-E769-481A-9D35-EC94067D79A8}.Debug|Any CPU.ActiveCfg = Debug|Any CPU
		{AA5669E8-E769-481A-9D35-EC94067D79A8}.Debug|Any CPU.Build.0 = Debug|Any CPU
		{AA5669E8-E769-481A-9D35-EC94067D79A8}.Release|Any CPU.ActiveCfg = Release|Any CPU
		{AA5669E8-E769-481A-9D35-EC94067D79A8}.Release|Any CPU.Build.0 = Release|Any CPU
		{964BF05F-E199-41FF-90B2-BD5D5BD1454F}.Debug|Any CPU.ActiveCfg = Debug|Any CPU
		{964BF05F-E199-41FF-90B2-BD5D5BD1454F}.Debug|Any CPU.Build.0 = Debug|Any CPU
		{964BF05F-E199-41FF-90B2-BD5D5BD1454F}.Release|Any CPU.ActiveCfg = Release|Any CPU
		{964BF05F-E199-41FF-90B2-BD5D5BD1454F}.Release|Any CPU.Build.0 = Release|Any CPU
		{EE303CDE-A7C3-4262-9638-B5B05D1B7135}.Debug|Any CPU.ActiveCfg = Debug|Any CPU
		{EE303CDE-A7C3-4262-9638-B5B05D1B7135}.Debug|Any CPU.Build.0 = Debug|Any CPU
		{EE303CDE-A7C3-4262-9638-B5B05D1B7135}.Release|Any CPU.ActiveCfg = Release|Any CPU
		{EE303CDE-A7C3-4262-9638-B5B05D1B7135}.Release|Any CPU.Build.0 = Release|Any CPU
		{CE0F9938-421D-45FE-91F5-43CEBCA67853}.Debug|Any CPU.ActiveCfg = Debug|Any CPU
		{CE0F9938-421D-45FE-91F5-43CEBCA67853}.Debug|Any CPU.Build.0 = Debug|Any CPU
		{CE0F9938-421D-45FE-91F5-43CEBCA67853}.Release|Any CPU.ActiveCfg = Release|Any CPU
		{CE0F9938-421D-45FE-91F5-43CEBCA67853}.Release|Any CPU.Build.0 = Release|Any CPU
		{31F2A61A-25A5-4312-A234-AA6C88FB6865}.Debug|Any CPU.ActiveCfg = Debug|Any CPU
		{31F2A61A-25A5-4312-A234-AA6C88FB6865}.Debug|Any CPU.Build.0 = Debug|Any CPU
		{31F2A61A-25A5-4312-A234-AA6C88FB6865}.Release|Any CPU.ActiveCfg = Release|Any CPU
		{31F2A61A-25A5-4312-A234-AA6C88FB6865}.Release|Any CPU.Build.0 = Release|Any CPU
		{7DC5B5D6-2822-4B2D-95A2-5A09BA1B9CE0}.Debug|Any CPU.ActiveCfg = Debug|Any CPU
		{7DC5B5D6-2822-4B2D-95A2-5A09BA1B9CE0}.Debug|Any CPU.Build.0 = Debug|Any CPU
		{7DC5B5D6-2822-4B2D-95A2-5A09BA1B9CE0}.Release|Any CPU.ActiveCfg = Release|Any CPU
		{7DC5B5D6-2822-4B2D-95A2-5A09BA1B9CE0}.Release|Any CPU.Build.0 = Release|Any CPU
		{A8CEE86C-32BC-4E98-B19B-4659B4E9DE74}.Debug|Any CPU.ActiveCfg = Debug|Any CPU
		{A8CEE86C-32BC-4E98-B19B-4659B4E9DE74}.Debug|Any CPU.Build.0 = Debug|Any CPU
		{A8CEE86C-32BC-4E98-B19B-4659B4E9DE74}.Release|Any CPU.ActiveCfg = Release|Any CPU
		{A8CEE86C-32BC-4E98-B19B-4659B4E9DE74}.Release|Any CPU.Build.0 = Release|Any CPU
		{A03D6E9A-79E9-4D94-B57C-5967F9929106}.Debug|Any CPU.ActiveCfg = Debug|Any CPU
		{A03D6E9A-79E9-4D94-B57C-5967F9929106}.Debug|Any CPU.Build.0 = Debug|Any CPU
		{A03D6E9A-79E9-4D94-B57C-5967F9929106}.Release|Any CPU.ActiveCfg = Release|Any CPU
		{A03D6E9A-79E9-4D94-B57C-5967F9929106}.Release|Any CPU.Build.0 = Release|Any CPU
		{30EE734D-AD8D-4A30-86C8-526396189168}.Debug|Any CPU.ActiveCfg = Debug|Any CPU
		{30EE734D-AD8D-4A30-86C8-526396189168}.Debug|Any CPU.Build.0 = Debug|Any CPU
		{30EE734D-AD8D-4A30-86C8-526396189168}.Release|Any CPU.ActiveCfg = Release|Any CPU
		{30EE734D-AD8D-4A30-86C8-526396189168}.Release|Any CPU.Build.0 = Release|Any CPU
		{22641A80-AABC-4434-9DFA-22FFAEADE92D}.Debug|Any CPU.ActiveCfg = Debug|Any CPU
		{22641A80-AABC-4434-9DFA-22FFAEADE92D}.Debug|Any CPU.Build.0 = Debug|Any CPU
		{22641A80-AABC-4434-9DFA-22FFAEADE92D}.Release|Any CPU.ActiveCfg = Release|Any CPU
		{22641A80-AABC-4434-9DFA-22FFAEADE92D}.Release|Any CPU.Build.0 = Release|Any CPU
		{DC13C984-A4E5-47D0-8B5B-80EF681771FE}.Debug|Any CPU.ActiveCfg = Debug|Any CPU
		{DC13C984-A4E5-47D0-8B5B-80EF681771FE}.Debug|Any CPU.Build.0 = Debug|Any CPU
		{DC13C984-A4E5-47D0-8B5B-80EF681771FE}.Release|Any CPU.ActiveCfg = Release|Any CPU
		{DC13C984-A4E5-47D0-8B5B-80EF681771FE}.Release|Any CPU.Build.0 = Release|Any CPU
		{952EBE90-504C-4C1A-B569-5A6C2F1DDBB4}.Debug|Any CPU.ActiveCfg = Debug|Any CPU
		{952EBE90-504C-4C1A-B569-5A6C2F1DDBB4}.Debug|Any CPU.Build.0 = Debug|Any CPU
		{952EBE90-504C-4C1A-B569-5A6C2F1DDBB4}.Release|Any CPU.ActiveCfg = Release|Any CPU
		{952EBE90-504C-4C1A-B569-5A6C2F1DDBB4}.Release|Any CPU.Build.0 = Release|Any CPU
		{6C6332AB-E70C-432E-AC8F-229211F79A84}.Debug|Any CPU.ActiveCfg = Debug|Any CPU
		{6C6332AB-E70C-432E-AC8F-229211F79A84}.Debug|Any CPU.Build.0 = Debug|Any CPU
		{6C6332AB-E70C-432E-AC8F-229211F79A84}.Release|Any CPU.ActiveCfg = Release|Any CPU
		{6C6332AB-E70C-432E-AC8F-229211F79A84}.Release|Any CPU.Build.0 = Release|Any CPU
		{6EA3F045-5D9D-44D9-B114-E16C66D383BF}.Debug|Any CPU.ActiveCfg = Debug|Any CPU
		{6EA3F045-5D9D-44D9-B114-E16C66D383BF}.Debug|Any CPU.Build.0 = Debug|Any CPU
		{6EA3F045-5D9D-44D9-B114-E16C66D383BF}.Release|Any CPU.ActiveCfg = Release|Any CPU
		{6EA3F045-5D9D-44D9-B114-E16C66D383BF}.Release|Any CPU.Build.0 = Release|Any CPU
		{097E1DD3-4F8F-46D9-B13C-52045FF098A9}.Debug|Any CPU.ActiveCfg = Debug|Any CPU
		{097E1DD3-4F8F-46D9-B13C-52045FF098A9}.Debug|Any CPU.Build.0 = Debug|Any CPU
		{097E1DD3-4F8F-46D9-B13C-52045FF098A9}.Release|Any CPU.ActiveCfg = Release|Any CPU
		{097E1DD3-4F8F-46D9-B13C-52045FF098A9}.Release|Any CPU.Build.0 = Release|Any CPU
		{EF7E8E5B-833B-48C8-842B-3937864D2BDA}.Debug|Any CPU.ActiveCfg = Debug|Any CPU
		{EF7E8E5B-833B-48C8-842B-3937864D2BDA}.Debug|Any CPU.Build.0 = Debug|Any CPU
		{EF7E8E5B-833B-48C8-842B-3937864D2BDA}.Release|Any CPU.ActiveCfg = Release|Any CPU
		{EF7E8E5B-833B-48C8-842B-3937864D2BDA}.Release|Any CPU.Build.0 = Release|Any CPU
		{540F37D5-30C7-4F57-BCF5-08144E334FF3}.Debug|Any CPU.ActiveCfg = Debug|Any CPU
		{540F37D5-30C7-4F57-BCF5-08144E334FF3}.Debug|Any CPU.Build.0 = Debug|Any CPU
		{540F37D5-30C7-4F57-BCF5-08144E334FF3}.Release|Any CPU.ActiveCfg = Release|Any CPU
		{540F37D5-30C7-4F57-BCF5-08144E334FF3}.Release|Any CPU.Build.0 = Release|Any CPU
	EndGlobalSection
	GlobalSection(SolutionProperties) = preSolution
		HideSolutionNode = FALSE
	EndGlobalSection
	GlobalSection(ExtensibilityGlobals) = postSolution
		SolutionGuid = {21567416-ECF6-4D87-831F-75B9C76C101B}
	EndGlobalSection
EndGlobal
